
Microsoft Visual Studio Solution File, Format Version 12.00
# Visual Studio Version 16
VisualStudioVersion = 16.0.33529.622
MinimumVisualStudioVersion = 10.0.40219.1
Project("{FAE04EC0-301F-11D3-BF4B-00C04F79EFBC}") = "Project37", "Project37\Project37.csproj", "{02EC4B0B-7D70-47C6-BA6D-38E425410A81}"
EndProject
Global
	GlobalSection(SolutionConfigurationPlatforms) = preSolution
		Debug|Any CPU = Debug|Any CPU
		Release|Any CPU = Release|Any CPU
	EndGlobalSection
	GlobalSection(ProjectConfigurationPlatforms) = postSolution
		{02EC4B0B-7D70-47C6-BA6D-38E425410A81}.Debug|Any CPU.ActiveCfg = Debug|Any CPU
		{02EC4B0B-7D70-47C6-BA6D-38E425410A81}.Debug|Any CPU.Build.0 = Debug|Any CPU
		{02EC4B0B-7D70-47C6-BA6D-38E425410A81}.Release|Any CPU.ActiveCfg = Release|Any CPU
		{02EC4B0B-7D70-47C6-BA6D-38E425410A81}.Release|Any CPU.Build.0 = Release|Any CPU
	EndGlobalSection
	GlobalSection(SolutionProperties) = preSolution
		HideSolutionNode = FALSE
	EndGlobalSection
	GlobalSection(ExtensibilityGlobals) = postSolution
		SolutionGuid = {439F24B3-D82D-4065-A0CF-130DC9C32300}
	EndGlobalSection
EndGlobal
